
Microsoft Visual Studio Solution File, Format Version 12.00
# Visual Studio 2012
Project("{2150E333-8FDC-42A3-9474-1A3956D46DE8}") = "Common", "Common", "{0339A15C-8BCC-4A33-8980-261029B3D0DA}"
EndProject
Project("{FAE04EC0-301F-11D3-BF4B-00C04F79EFBC}") = "CommonLibary", "CommonLibary\CommonLibary.csproj", "{B3936C37-E513-4456-BC04-9706FFAF335C}"
EndProject
Project("{2150E333-8FDC-42A3-9474-1A3956D46DE8}") = "Test", "Test", "{BCA88C27-4E60-4B32-803C-EEB5DA4EA8C0}"
EndProject
Project("{FAE04EC0-301F-11D3-BF4B-00C04F79EFBC}") = "FrameworkTest", "FrameworkTest\FrameworkTest.csproj", "{9C98F480-87BC-4A58-AF01-A12FC5B81E12}"
EndProject
Global
	GlobalSection(SolutionConfigurationPlatforms) = preSolution
		Debug|Any CPU = Debug|Any CPU
		Release|Any CPU = Release|Any CPU
	EndGlobalSection
	GlobalSection(ProjectConfigurationPlatforms) = postSolution
		{B3936C37-E513-4456-BC04-9706FFAF335C}.Debug|Any CPU.ActiveCfg = Debug|Any CPU
		{B3936C37-E513-4456-BC04-9706FFAF335C}.Debug|Any CPU.Build.0 = Debug|Any CPU
		{B3936C37-E513-4456-BC04-9706FFAF335C}.Release|Any CPU.ActiveCfg = Release|Any CPU
		{B3936C37-E513-4456-BC04-9706FFAF335C}.Release|Any CPU.Build.0 = Release|Any CPU
		{9C98F480-87BC-4A58-AF01-A12FC5B81E12}.Debug|Any CPU.ActiveCfg = Debug|Any CPU
		{9C98F480-87BC-4A58-AF01-A12FC5B81E12}.Debug|Any CPU.Build.0 = Debug|Any CPU
		{9C98F480-87BC-4A58-AF01-A12FC5B81E12}.Release|Any CPU.ActiveCfg = Release|Any CPU
		{9C98F480-87BC-4A58-AF01-A12FC5B81E12}.Release|Any CPU.Build.0 = Release|Any CPU
	EndGlobalSection
	GlobalSection(SolutionProperties) = preSolution
		HideSolutionNode = FALSE
	EndGlobalSection
	GlobalSection(NestedProjects) = preSolution
		{B3936C37-E513-4456-BC04-9706FFAF335C} = {0339A15C-8BCC-4A33-8980-261029B3D0DA}
		{9C98F480-87BC-4A58-AF01-A12FC5B81E12} = {BCA88C27-4E60-4B32-803C-EEB5DA4EA8C0}
	EndGlobalSection
EndGlobal
